
Microsoft Visual Studio Solution File, Format Version 12.00
# Visual Studio 15
VisualStudioVersion = 15.0.28307.705
MinimumVisualStudioVersion = 10.0.40219.1
Project("{FAE04EC0-301F-11D3-BF4B-00C04F79EFBC}") = "eGrade.Web", "eGrade\eGrade.Web.csproj", "{ACC8A80C-EE1A-496E-9B27-4EEFC9E29DD6}"
EndProject
Project("{FAE04EC0-301F-11D3-BF4B-00C04F79EFBC}") = "eGrade.Resources", "eGrade.Resources\eGrade.Resources.csproj", "{1FE3F806-E7A6-4095-AE1D-3E5635B52D51}"
EndProject
Global
	GlobalSection(SolutionConfigurationPlatforms) = preSolution
		Debug|Any CPU = Debug|Any CPU
		Release|Any CPU = Release|Any CPU
	EndGlobalSection
	GlobalSection(ProjectConfigurationPlatforms) = postSolution
		{ACC8A80C-EE1A-496E-9B27-4EEFC9E29DD6}.Debug|Any CPU.ActiveCfg = Debug|Any CPU
		{ACC8A80C-EE1A-496E-9B27-4EEFC9E29DD6}.Debug|Any CPU.Build.0 = Debug|Any CPU
		{ACC8A80C-EE1A-496E-9B27-4EEFC9E29DD6}.Release|Any CPU.ActiveCfg = Release|Any CPU
		{ACC8A80C-EE1A-496E-9B27-4EEFC9E29DD6}.Release|Any CPU.Build.0 = Release|Any CPU
		{1FE3F806-E7A6-4095-AE1D-3E5635B52D51}.Debug|Any CPU.ActiveCfg = Debug|Any CPU
		{1FE3F806-E7A6-4095-AE1D-3E5635B52D51}.Debug|Any CPU.Build.0 = Debug|Any CPU
		{1FE3F806-E7A6-4095-AE1D-3E5635B52D51}.Release|Any CPU.ActiveCfg = Release|Any CPU
		{1FE3F806-E7A6-4095-AE1D-3E5635B52D51}.Release|Any CPU.Build.0 = Release|Any CPU
	EndGlobalSection
	GlobalSection(SolutionProperties) = preSolution
		HideSolutionNode = FALSE
	EndGlobalSection
	GlobalSection(ExtensibilityGlobals) = postSolution
		SolutionGuid = {4B4A532A-BEA7-424D-AB36-26C8F6B37980}
	EndGlobalSection
EndGlobal
